{
  "nodes": {
    "fenix": {
      "inputs": {
        "nixpkgs": [
          "nixpkgs"
        ],
        "rust-analyzer-src": "rust-analyzer-src"
      },
      "locked": {
        "lastModified": 1780824777,
        "narHash": "sha256-/D3gjEDezsoa//Kbd+rNQRERl4AS+HYOMChsdD1eus4=",
        "owner": "nix-community",
        "repo": "fenix",
        "rev": "3a556b6fbd42412b6f3f0ea8d35959b1826f86ff",
        "type": "github"
      },
      "original": {
        "owner": "nix-community",
        "repo": "fenix",
        "type": "github"
      }
    },
    "flake-utils": {
      "inputs": {
        "systems": "systems"
      },
      "locked": {
        "lastModified": 1731533236,
        "narHash": "sha256-l0KFg5HjrsfsO/JpG+r7fRrqm12kzFHyUHqHCVpMMbI=",
        "owner": "numtide",
        "repo": "flake-utils",
        "rev": "11707dc2f618dd54ca8739b309ec4fc024de578b",
        "type": "github"
      },
      "original": {
        "owner": "numtide",
        "repo": "flake-utils",
        "type": "github"
      }
    },
    "ghc-wasm-meta": {
      "inputs": {
        "flake-utils": "flake-utils",
        "nixpkgs": "nixpkgs"
      },
      "locked": {
        "lastModified": 1780507186,
        "narHash": "sha256-qp/sLxsc3mHrXyVRTWn0zmqWMg+60G36zUGLeLhGIHQ=",
        "owner": "haskell-wasm",
        "repo": "ghc-wasm-meta",
        "rev": "ba0c8238314857ef1d5db1f20bb17b96178c9bd3",
        "type": "github"
      },
      "original": {
        "owner": "haskell-wasm",
        "repo": "ghc-wasm-meta",
        "type": "github"
      }
    },
    "nixpkgs": {
      "locked": {
        "lastModified": 1780383649,
        "narHash": "sha256-FS3od1iIyWYz68tqZGGc92Po7Ji+G2NEm6+a4s4RI0w=",
        "owner": "NixOS",
        "repo": "nixpkgs",
        "rev": "595ee2b1a31a50efcb8db3824999abb98ec1d0c9",
        "type": "github"
      },
      "original": {
        "owner": "NixOS",
        "ref": "nixpkgs-26.05-darwin",
        "repo": "nixpkgs",
        "type": "github"
      }
    },
    "nixpkgs_2": {
      "locked": {
        "lastModified": 1787736819,
        "narHash": "sha256-cV5xEJJK3BvhU8rEd4mC9UsmDi5qscv/kzGPhBRC5WA=",
        "owner": "NixOS",
        "repo": "nixpkgs",
        "rev": "9fbb54b33e91ee4ca368e35a78e0613c720600b3",
        "type": "github"
      },
      "original": {
        "owner": "NixOS",
        "ref": "nixos-unstable",
        "repo": "nixpkgs",
        "type": "github"
      }
    },
    "root": {
      "inputs": {
        "fenix": "fenix",
        "ghc-wasm-meta": "ghc-wasm-meta",
        "nixpkgs": "nixpkgs_2"
      }
    },
    "rust-analyzer-src": {
      "flake": false,
      "locked": {
        "lastModified": 1780758424,
        "narHash": "sha256-OcXGwiq5ibERT8S9rx5V1bgleguAfwzSQzMePpf8yIE=",
        "owner": "rust-lang",
        "repo": "rust-analyzer",
        "rev": "a9a66c4077fedd375c0f1e61dc39a8f3243ce0ef",
        "type": "github"
      },
      "original": {
        "owner": "rust-lang",
        "ref": "nightly",
        "repo": "rust-analyzer",
        "type": "github"
      }
    },
    "systems": {
      "locked": {
        "lastModified": 1681028828,
        "narHash": "sha256-Vy1rq5AaRuLzOxct8nz4T6wlgyUR7zLU309k9mBC768=",
        "owner": "nix-systems",
        "repo": "default",
        "rev": "da67096a3b9bf56a91d16901293e51ba5b49a27e",
        "type": "github"
      },
      "original": {
        "owner": "nix-systems",
        "repo": "default",
        "type": "github"
      }
    }
  },
  "root": "root",
  "version": 7
}
